# THIS IS AN AUTOGENERATED FILE. DO NOT EDIT THIS FILE DIRECTLY.
# yarn lockfile v1


"@actions/core@^1.10.0":
  "integrity" "sha512-2aZDDa3zrrZbP5ZYg159sNoLRb61nQ7awl5pSvIq5Qpj81vwDzdMRKzkWJGJuwVvWpvZKx7vspJALyvaaIQyug=="
  "resolved" "https://registry.npmjs.org/@actions/core/-/core-1.10.0.tgz"
  "version" "1.10.0"
  dependencies:
    "@actions/http-client" "^2.0.1"
    "uuid" "^8.3.2"

"@actions/github@^5.1.1":
  "integrity" "sha512-Nk59rMDoJaV+mHCOJPXuvB1zIbomlKS0dmSIqPGxd0enAXBnOfn4VWF+CGtRCwXZG9Epa54tZA7VIRlJDS8A6g=="
  "resolved" "https://registry.npmjs.org/@actions/github/-/github-5.1.1.tgz"
  "version" "5.1.1"
  dependencies:
    "@actions/http-client" "^2.0.1"
    "@octokit/core" "^3.6.0"
    "@octokit/plugin-paginate-rest" "^2.17.0"
    "@octokit/plugin-rest-endpoint-methods" "^5.13.0"

"@actions/http-client@^2.0.1":
  "integrity" "sha512-PIXiMVtz6VvyaRsGY268qvj57hXQEpsYogYOu2nrQhlf+XCGmZstmuZBbAybUl1nQGnvS1k1eEsQ69ZoD7xlSw=="
  "resolved" "https://registry.npmjs.org/@actions/http-client/-/http-client-2.0.1.tgz"
  "version" "2.0.1"
  dependencies:
    "tunnel" "^0.0.6"

"@esbuild/darwin-arm64@0.17.19":
  "integrity" "sha512-80wEoCfF/hFKM6WE1FyBHc9SfUblloAWx6FJkFWTWiCoht9Mc0ARGEM47e67W9rI09YoUxJL68WHfDRYEAvOhg=="
  "resolved" "https://registry.npmjs.org/@esbuild/darwin-arm64/-/darwin-arm64-0.17.19.tgz"
  "version" "0.17.19"

"@jridgewell/sourcemap-codec@^1.4.13":
  "integrity" "sha512-eF2rxCRulEKXHTRiDrDy6erMYWqNw4LPdQ8UQA4huuxaQsVeRPFl2oM8oDGxMFhJUWZf9McpLtJasDDZb/Bpeg=="
  "resolved" "https://registry.npmjs.org/@jridgewell/sourcemap-codec/-/sourcemap-codec-1.4.15.tgz"
  "version" "1.4.15"

"@octokit/action@6.0.4":
  "integrity" "sha512-lRvfUSjlCQWGi2DKSGYxPiu3xxWRrIOJ3i7kKTi+RWW2ejUr9hl/un/amira/Td+WrRAlvlcb7rSCY4hsnRTow=="
  "resolved" "https://registry.npmjs.org/@octokit/action/-/action-6.0.4.tgz"
  "version" "6.0.4"
  dependencies:
    "@octokit/auth-action" "^3.0.0"
    "@octokit/core" "^4.0.0"
    "@octokit/plugin-paginate-rest" "^7.0.0"
    "@octokit/plugin-rest-endpoint-methods" "^8.0.0"
    "@octokit/types" "^10.0.0"
    "https-proxy-agent" "^7.0.0"

"@octokit/auth-action@^3.0.0":
  "integrity" "sha512-QkRAlAFqELFdzddFjDA68IN26pJ2hoTLY2vNYsmX5vwcYIWiiQA1KDFIrqpdzZo4dpPJXM9E0drXyBpZhicGTA=="
  "resolved" "https://registry.npmjs.org/@octokit/auth-action/-/auth-action-3.0.2.tgz"
  "version" "3.0.2"
  dependencies:
    "@octokit/auth-token" "^4.0.0"
    "@octokit/types" "^10.0.0"

"@octokit/auth-token@^2.4.4":
  "integrity" "sha512-r5FVUJCOLl19AxiuZD2VRZ/ORjp/4IN98Of6YJoJOkY75CIBuYfmiNHGrDwXr+aLGG55igl9QrxX3hbiXlLb+g=="
  "resolved" "https://registry.npmjs.org/@octokit/auth-token/-/auth-token-2.5.0.tgz"
  "version" "2.5.0"
  dependencies:
    "@octokit/types" "^6.0.3"

"@octokit/auth-token@^3.0.0":
  "integrity" "sha512-/aFM2M4HVDBT/jjDBa84sJniv1t9Gm/rLkalaz9htOm+L+8JMj1k9w0CkUdcxNyNxZPlTxKPVko+m1VlM58ZVA=="
  "resolved" "https://registry.npmjs.org/@octokit/auth-token/-/auth-token-3.0.3.tgz"
  "version" "3.0.3"
  dependencies:
    "@octokit/types" "^9.0.0"

"@octokit/auth-token@^4.0.0":
  "integrity" "sha512-tY/msAuJo6ARbK6SPIxZrPBms3xPbfwBrulZe0Wtr/DIY9lje2HeV1uoebShn6mx7SjCHif6EjMvoREj+gZ+SA=="
  "resolved" "https://registry.npmjs.org/@octokit/auth-token/-/auth-token-4.0.0.tgz"
  "version" "4.0.0"

"@octokit/core@^3.6.0", "@octokit/core@>=2", "@octokit/core@>=3":
  "integrity" "sha512-7RKRKuA4xTjMhY+eG3jthb3hlZCsOwg3rztWh75Xc+ShDWOfDDATWbeZpAHBNRpm4Tv9WgBMOy1zEJYXG6NJ7Q=="
  "resolved" "https://registry.npmjs.org/@octokit/core/-/core-3.6.0.tgz"
  "version" "3.6.0"
  dependencies:
    "@octokit/auth-token" "^2.4.4"
    "@octokit/graphql" "^4.5.8"
    "@octokit/request" "^5.6.3"
    "@octokit/request-error" "^2.0.5"
    "@octokit/types" "^6.0.3"
    "before-after-hook" "^2.2.0"
    "universal-user-agent" "^6.0.0"

"@octokit/core@^4.0.0", "@octokit/core@>=4":
  "integrity" "sha512-AgvDRUg3COpR82P7PBdGZF/NNqGmtMq2NiPqeSsDIeCfYFOZ9gddqWNQHnFdEUf+YwOj4aZYmJnlPp7OXmDIDg=="
  "resolved" "https://registry.npmjs.org/@octokit/core/-/core-4.2.0.tgz"
  "version" "4.2.0"
  dependencies:
    "@octokit/auth-token" "^3.0.0"
    "@octokit/graphql" "^5.0.0"
    "@octokit/request" "^6.0.0"
    "@octokit/request-error" "^3.0.0"
    "@octokit/types" "^9.0.0"
    "before-after-hook" "^2.2.0"
    "universal-user-agent" "^6.0.0"

"@octokit/endpoint@^6.0.1":
  "integrity" "sha512-lF3puPwkQWGfkMClXb4k/eUT/nZKQfxinRWJrdZaJO85Dqwo/G0yOC434Jr2ojwafWJMYqFGFa5ms4jJUgujdA=="
  "resolved" "https://registry.npmjs.org/@octokit/endpoint/-/endpoint-6.0.12.tgz"
  "version" "6.0.12"
  dependencies:
    "@octokit/types" "^6.0.3"
    "is-plain-object" "^5.0.0"
    "universal-user-agent" "^6.0.0"

"@octokit/endpoint@^7.0.0":
  "integrity" "sha512-LG4o4HMY1Xoaec87IqQ41TQ+glvIeTKqfjkCEmt5AIwDZJwQeVZFIEYXrYY6yLwK+pAScb9Gj4q+Nz2qSw1roA=="
  "resolved" "https://registry.npmjs.org/@octokit/endpoint/-/endpoint-7.0.5.tgz"
  "version" "7.0.5"
  dependencies:
    "@octokit/types" "^9.0.0"
    "is-plain-object" "^5.0.0"
    "universal-user-agent" "^6.0.0"

"@octokit/graphql@^4.5.8":
  "integrity" "sha512-0gv+qLSBLKF0z8TKaSKTsS39scVKF9dbMxJpj3U0vC7wjNWFuIpL/z76Qe2fiuCbDRcJSavkXsVtMS6/dtQQsg=="
  "resolved" "https://registry.npmjs.org/@octokit/graphql/-/graphql-4.8.0.tgz"
  "version" "4.8.0"
  dependencies:
    "@octokit/request" "^5.6.0"
    "@octokit/types" "^6.0.3"
    "universal-user-agent" "^6.0.0"

"@octokit/graphql@^5.0.0":
  "integrity" "sha512-Qwfvh3xdqKtIznjX9lz2D458r7dJPP8l6r4GQkIdWQouZwHQK0mVT88uwiU2bdTU2OtT1uOlKpRciUWldpG0yQ=="
  "resolved" "https://registry.npmjs.org/@octokit/graphql/-/graphql-5.0.5.tgz"
  "version" "5.0.5"
  dependencies:
    "@octokit/request" "^6.0.0"
    "@octokit/types" "^9.0.0"
    "universal-user-agent" "^6.0.0"

"@octokit/openapi-types@^11.2.0":
  "integrity" "sha512-PBsVO+15KSlGmiI8QAzaqvsNlZlrDlyAJYcrXBCvVUxCp7VnXjkwPoFHgjEJXx3WF9BAwkA6nfCUA7i9sODzKA=="
  "resolved" "https://registry.npmjs.org/@octokit/openapi-types/-/openapi-types-11.2.0.tgz"
  "version" "11.2.0"

"@octokit/openapi-types@^18.0.0":
  "integrity" "sha512-V8GImKs3TeQRxRtXFpG2wl19V7444NIOTDF24AWuIbmNaNYOQMWRbjcGDXV5B+0n887fgDcuMNOmlul+k+oJtw=="
  "resolved" "https://registry.npmjs.org/@octokit/openapi-types/-/openapi-types-18.0.0.tgz"
  "version" "18.0.0"

"@octokit/plugin-paginate-rest@^2.17.0":
  "integrity" "sha512-tzMbrbnam2Mt4AhuyCHvpRkS0oZ5MvwwcQPYGtMv4tUa5kkzG58SVB0fcsLulOZQeRnOgdkZWkRUiyBlh0Bkyw=="
  "resolved" "https://registry.npmjs.org/@octokit/plugin-paginate-rest/-/plugin-paginate-rest-2.17.0.tgz"
  "version" "2.17.0"
  dependencies:
    "@octokit/types" "^6.34.0"

"@octokit/plugin-paginate-rest@^7.0.0":
  "integrity" "sha512-NNm6DlYBEyKs9OZvy2Ax9YKn7e0/G7js+/I80icBTHUf6kB/nfaZkdXOF1Z32OaB+LDH6GIYpdYC3Bm3vwX5Ow=="
  "resolved" "https://registry.npmjs.org/@octokit/plugin-paginate-rest/-/plugin-paginate-rest-7.0.0.tgz"
  "version" "7.0.0"
  dependencies:
    "@octokit/tsconfig" "^1.0.2"
    "@octokit/types" "^9.2.3"

"@octokit/plugin-rest-endpoint-methods@^5.13.0":
  "integrity" "sha512-uJjMTkN1KaOIgNtUPMtIXDOjx6dGYysdIFhgA52x4xSadQCz3b/zJexvITDVpANnfKPW/+E0xkOvLntqMYpviA=="
  "resolved" "https://registry.npmjs.org/@octokit/plugin-rest-endpoint-methods/-/plugin-rest-endpoint-methods-5.13.0.tgz"
  "version" "5.13.0"
  dependencies:
    "@octokit/types" "^6.34.0"
    "deprecation" "^2.3.1"

"@octokit/plugin-rest-endpoint-methods@^8.0.0":
  "integrity" "sha512-GtA8B7zkdxJv2OBVUtUeynu/OkWo272w2IpWC+QCQiUhgrRZ9Zrz2NgAiqYkVhlITGD3PcWYEjy9JR1HrzYtQA=="
  "resolved" "https://registry.npmjs.org/@octokit/plugin-rest-endpoint-methods/-/plugin-rest-endpoint-methods-8.0.0.tgz"
  "version" "8.0.0"
  dependencies:
    "@octokit/types" "^10.0.0"

"@octokit/request-error@^2.0.5", "@octokit/request-error@^2.1.0":
  "integrity" "sha512-1VIvgXxs9WHSjicsRwq8PlR2LR2x6DwsJAaFgzdi0JfJoGSO8mYI/cHJQ+9FbN21aa+DrgNLnwObmyeSC8Rmpg=="
  "resolved" "https://registry.npmjs.org/@octokit/request-error/-/request-error-2.1.0.tgz"
  "version" "2.1.0"
  dependencies:
    "@octokit/types" "^6.0.3"
    "deprecation" "^2.0.0"
    "once" "^1.4.0"

"@octokit/request-error@^3.0.0":
  "integrity" "sha512-crqw3V5Iy2uOU5Np+8M/YexTlT8zxCfI+qu+LxUB7SZpje4Qmx3mub5DfEKSO8Ylyk0aogi6TYdf6kxzh2BguQ=="
  "resolved" "https://registry.npmjs.org/@octokit/request-error/-/request-error-3.0.3.tgz"
  "version" "3.0.3"
  dependencies:
    "@octokit/types" "^9.0.0"
    "deprecation" "^2.0.0"
    "once" "^1.4.0"

"@octokit/request@^5.6.0", "@octokit/request@^5.6.3":
  "integrity" "sha512-bFJl0I1KVc9jYTe9tdGGpAMPy32dLBXXo1dS/YwSCTL/2nd9XeHsY616RE3HPXDVk+a+dBuzyz5YdlXwcDTr2A=="
  "resolved" "https://registry.npmjs.org/@octokit/request/-/request-5.6.3.tgz"
  "version" "5.6.3"
  dependencies:
    "@octokit/endpoint" "^6.0.1"
    "@octokit/request-error" "^2.1.0"
    "@octokit/types" "^6.16.1"
    "is-plain-object" "^5.0.0"
    "node-fetch" "^2.6.7"
    "universal-user-agent" "^6.0.0"

"@octokit/request@^6.0.0":
  "integrity" "sha512-TNAodj5yNzrrZ/VxP+H5HiYaZep0H3GU0O7PaF+fhDrt8FPrnkei9Aal/txsN/1P7V3CPiThG0tIvpPDYUsyAA=="
  "resolved" "https://registry.npmjs.org/@octokit/request/-/request-6.2.3.tgz"
  "version" "6.2.3"
  dependencies:
    "@octokit/endpoint" "^7.0.0"
    "@octokit/request-error" "^3.0.0"
    "@octokit/types" "^9.0.0"
    "is-plain-object" "^5.0.0"
    "node-fetch" "^2.6.7"
    "universal-user-agent" "^6.0.0"

"@octokit/tsconfig@^1.0.2":
  "integrity" "sha512-I0vDR0rdtP8p2lGMzvsJzbhdOWy405HcGovrspJ8RRibHnyRgggUSNO5AIox5LmqiwmatHKYsvj6VGFHkqS7lA=="
  "resolved" "https://registry.npmjs.org/@octokit/tsconfig/-/tsconfig-1.0.2.tgz"
  "version" "1.0.2"

"@octokit/types@^10.0.0":
  "integrity" "sha512-Vm8IddVmhCgU1fxC1eyinpwqzXPEYu0NrYzD3YZjlGjyftdLBTeqNblRC0jmJmgxbJIsQlyogVeGnrNaaMVzIg=="
  "resolved" "https://registry.npmjs.org/@octokit/types/-/types-10.0.0.tgz"
  "version" "10.0.0"
  dependencies:
    "@octokit/openapi-types" "^18.0.0"

"@octokit/types@^6.0.3", "@octokit/types@^6.16.1", "@octokit/types@^6.34.0":
  "integrity" "sha512-s1zLBjWhdEI2zwaoSgyOFoKSl109CUcVBCc7biPJ3aAf6LGLU6szDvi31JPU7bxfla2lqfhjbbg/5DdFNxOwHw=="
  "resolved" "https://registry.npmjs.org/@octokit/types/-/types-6.34.0.tgz"
  "version" "6.34.0"
  dependencies:
    "@octokit/openapi-types" "^11.2.0"

"@octokit/types@^9.0.0":
  "integrity" "sha512-D4iHGTdAnEEVsB8fl95m1hiz7D5YiRdQ9b/OEb3BYRVwbLsGHcRVPz+u+BgRLNk0Q0/4iZCBqDN96j2XNxfXrA=="
  "resolved" "https://registry.npmjs.org/@octokit/types/-/types-9.3.2.tgz"
  "version" "9.3.2"
  dependencies:
    "@octokit/openapi-types" "^18.0.0"

"@octokit/types@^9.2.3":
  "integrity" "sha512-D4iHGTdAnEEVsB8fl95m1hiz7D5YiRdQ9b/OEb3BYRVwbLsGHcRVPz+u+BgRLNk0Q0/4iZCBqDN96j2XNxfXrA=="
  "resolved" "https://registry.npmjs.org/@octokit/types/-/types-9.3.2.tgz"
  "version" "9.3.2"
  dependencies:
    "@octokit/openapi-types" "^18.0.0"

"@octokit/webhooks-definitions@^3.67.3":
  "integrity" "sha512-do4Z1r2OVhuI0ihJhQ8Hg+yPWnBYEBNuFNCrvtPKoYT1w81jD7pBXgGe86lYuuNirkDHb0Nxt+zt4O5GiFJfgA=="
  "resolved" "https://registry.npmjs.org/@octokit/webhooks-definitions/-/webhooks-definitions-3.67.3.tgz"
  "version" "3.67.3"

"@tsconfig/node16@16.1.0":
  "integrity" "sha512-cfwhqrdZEKS+Iqu1OPDwmKsOV/eo7q4sPhWzOXc1rU77nnPFV3+77yPg8uKQ2e8eir6mERCvrKnd+EGa4qo4bQ=="
  "resolved" "https://registry.npmjs.org/@tsconfig/node16/-/node16-16.1.0.tgz"
  "version" "16.1.0"

"@types/chai-subset@^1.3.3":
  "integrity" "sha512-frBecisrNGz+F4T6bcc+NLeolfiojh5FxW2klu669+8BARtyQv2C/GkNW6FUodVe4BroGMP/wER/YDGc7rEllw=="
  "resolved" "https://registry.npmjs.org/@types/chai-subset/-/chai-subset-1.3.3.tgz"
  "version" "1.3.3"
  dependencies:
    "@types/chai" "*"

"@types/chai@*", "@types/chai@^4.3.5":
  "integrity" "sha512-mEo1sAde+UCE6b2hxn332f1g1E8WfYRu6p5SvTKr2ZKC1f7gFJXk4h5PyGP9Dt6gCaG8y8XhwnXWC6Iy2cmBng=="
  "resolved" "https://registry.npmjs.org/@types/chai/-/chai-4.3.5.tgz"
  "version" "4.3.5"

"@types/dedent@0.7.0":
  "integrity" "sha512-EGlKlgMhnLt/cM4DbUSafFdrkeJoC9Mvnj0PUCU7tFmTjMjNRT957kXCx0wYm3JuEq4o4ZsS5vG+NlkM2DMd2A=="
  "resolved" "https://registry.npmjs.org/@types/dedent/-/dedent-0.7.0.tgz"
  "version" "0.7.0"

"@types/node@*", "@types/node@>= 14", "@types/node@16.18.32":
  "integrity" "sha512-zpnXe4dEz6PrWz9u7dqyRoq9VxwCvoXRPy/ewhmMa1CgEyVmtL1NJPQ2MX+4pf97vetquVKkpiMx0MwI8pjNOw=="
  "resolved" "https://registry.npmjs.org/@types/node/-/node-16.18.32.tgz"
  "version" "16.18.32"

"@vercel/ncc@0.36.1":
  "integrity" "sha512-S4cL7Taa9yb5qbv+6wLgiKVZ03Qfkc4jGRuiUQMQ8HGBD5pcNRnHeYM33zBvJE4/zJGjJJ8GScB+WmTsn9mORw=="
  "resolved" "https://registry.npmjs.org/@vercel/ncc/-/ncc-0.36.1.tgz"
  "version" "0.36.1"

"@vitest/expect@0.32.2":
  "integrity" "sha512-6q5yzweLnyEv5Zz1fqK5u5E83LU+gOMVBDuxBl2d2Jfx1BAp5M+rZgc5mlyqdnxquyoiOXpXmFNkcGcfFnFH3Q=="
  "resolved" "https://registry.npmjs.org/@vitest/expect/-/expect-0.32.2.tgz"
  "version" "0.32.2"
  dependencies:
    "@vitest/spy" "0.32.2"
    "@vitest/utils" "0.32.2"
    "chai" "^4.3.7"

"@vitest/runner@0.32.2":
  "integrity" "sha512-06vEL0C1pomOEktGoLjzZw+1Fb+7RBRhmw/06WkDrd1akkT9i12su0ku+R/0QM69dfkIL/rAIDTG+CSuQVDcKw=="
  "resolved" "https://registry.npmjs.org/@vitest/runner/-/runner-0.32.2.tgz"
  "version" "0.32.2"
  dependencies:
    "@vitest/utils" "0.32.2"
    "concordance" "^5.0.4"
    "p-limit" "^4.0.0"
    "pathe" "^1.1.0"

"@vitest/snapshot@0.32.2":
  "integrity" "sha512-JwhpeH/PPc7GJX38vEfCy9LtRzf9F4er7i4OsAJyV7sjPwjj+AIR8cUgpMTWK4S3TiamzopcTyLsZDMuldoi5A=="
  "resolved" "https://registry.npmjs.org/@vitest/snapshot/-/snapshot-0.32.2.tgz"
  "version" "0.32.2"
  dependencies:
    "magic-string" "^0.30.0"
    "pathe" "^1.1.0"
    "pretty-format" "^27.5.1"

"@vitest/spy@0.32.2":
  "integrity" "sha512-Q/ZNILJ4ca/VzQbRM8ur3Si5Sardsh1HofatG9wsJY1RfEaw0XKP8IVax2lI1qnrk9YPuG9LA2LkZ0EI/3d4ug=="
  "resolved" "https://registry.npmjs.org/@vitest/spy/-/spy-0.32.2.tgz"
  "version" "0.32.2"
  dependencies:
    "tinyspy" "^2.1.0"

"@vitest/utils@0.32.2":
  "integrity" "sha512-lnJ0T5i03j0IJaeW73hxe2AuVnZ/y1BhhCOuIcl9LIzXnbpXJT9Lrt6brwKHXLOiA7MZ6N5hSJjt0xE1dGNCzQ=="
  "resolved" "https://registry.npmjs.org/@vitest/utils/-/utils-0.32.2.tgz"
  "version" "0.32.2"
  dependencies:
    "diff-sequences" "^29.4.3"
    "loupe" "^2.3.6"
    "pretty-format" "^27.5.1"

"acorn-walk@^8.2.0":
  "integrity" "sha512-k+iyHEuPgSw6SbuDpGQM+06HQUa04DZ3o+F6CSzXMvvI5KMvnaEqXe+YVe555R9nn6GPt404fos4wcgpw12SDA=="
  "resolved" "https://registry.npmjs.org/acorn-walk/-/acorn-walk-8.2.0.tgz"
  "version" "8.2.0"

"acorn@^8.8.2", "acorn@^8.9.0":
  "integrity" "sha512-jaVNAFBHNLXspO543WnNNPZFRtavh3skAkITqD0/2aeMkKZTN+254PyhwxFYrk3vQ1xfY+2wbesJMs/JC8/PwQ=="
  "resolved" "https://registry.npmjs.org/acorn/-/acorn-8.9.0.tgz"
  "version" "8.9.0"

"agent-base@^7.0.2":
  "integrity" "sha512-o/zjMZRhJxny7OyEF+Op8X+efiELC7k7yOjMzgfzVqOzXqkBkWI79YoTdOtsuWd5BWhAGAuOY/Xa6xpiaWXiNg=="
  "resolved" "https://registry.npmjs.org/agent-base/-/agent-base-7.1.0.tgz"
  "version" "7.1.0"
  dependencies:
    "debug" "^4.3.4"

"ansi-regex@^5.0.1":
  "integrity" "sha512-quJQXlTSUGL2LH9SUXo8VwsY4soanhgo6LNSm84E1LBcE8s3O0wpdiRzyR9z/ZZJMlMWv37qOOb9pdJlMUEKFQ=="
  "resolved" "https://registry.npmjs.org/ansi-regex/-/ansi-regex-5.0.1.tgz"
  "version" "5.0.1"

"ansi-styles@^5.0.0":
  "integrity" "sha512-Cxwpt2SfTzTtXcfOlzGEee8O+c+MmUgGrNiBcXnuWxuFJHe6a5Hz7qwhwe5OgaSYI0IJvkLqWX1ASG+cJOkEiA=="
  "resolved" "https://registry.npmjs.org/ansi-styles/-/ansi-styles-5.2.0.tgz"
  "version" "5.2.0"

"assertion-error@^1.1.0":
  "integrity" "sha512-jgsaNduz+ndvGyFt3uSuWqvy4lCnIJiovtouQN5JZHOKCS2QuhEdbcQHFhVksz2N2U9hXJo8odG7ETyWlEeuDw=="
  "resolved" "https://registry.npmjs.org/assertion-error/-/assertion-error-1.1.0.tgz"
  "version" "1.1.0"

"asynckit@^0.4.0":
  "integrity" "sha512-Oei9OH4tRh0YqU3GxhX79dM/mwVgvbZJaSNaRk+bshkj0S5cfHcgYakreBjrHwatXKbz+IoIdYLxrKim2MjW0Q=="
  "resolved" "https://registry.npmjs.org/asynckit/-/asynckit-0.4.0.tgz"
  "version" "0.4.0"

"axios@^1.4.0":
  "integrity" "sha512-S4XCWMEmzvo64T9GfvQDOXgYRDJ/wsSZc7Jvdgx5u1sd0JwsuPLqb3SYmusag+edF6ziyMensPVqLTSc1PiSEA=="
  "resolved" "https://registry.npmjs.org/axios/-/axios-1.4.0.tgz"
  "version" "1.4.0"
  dependencies:
    "follow-redirects" "^1.15.0"
    "form-data" "^4.0.0"
    "proxy-from-env" "^1.1.0"

"before-after-hook@^2.2.0":
  "integrity" "sha512-3pZEU3NT5BFUo/AD5ERPWOgQOCZITni6iavr5AUw5AUwQjMlI0kzu5btnyD39AF0gUEsDPwJT+oY1ORBJijPjQ=="
  "resolved" "https://registry.npmjs.org/before-after-hook/-/before-after-hook-2.2.2.tgz"
  "version" "2.2.2"

"blueimp-md5@^2.10.0":
  "integrity" "sha512-DRQrD6gJyy8FbiE4s+bDoXS9hiW3Vbx5uCdwvcCf3zLHL+Iv7LtGHLpr+GZV8rHG8tK766FGYBwRbu8pELTt+w=="
  "resolved" "https://registry.npmjs.org/blueimp-md5/-/blueimp-md5-2.19.0.tgz"
  "version" "2.19.0"

"cac@^6.7.14":
  "integrity" "sha512-b6Ilus+c3RrdDk+JhLKUAQfzzgLEPy6wcXqS7f/xe1EETvsDP6GORG7SFuOs6cID5YkqchW/LXZbX5bc8j7ZcQ=="
  "resolved" "https://registry.npmjs.org/cac/-/cac-6.7.14.tgz"
  "version" "6.7.14"

"chai@^4.3.7":
  "integrity" "sha512-HLnAzZ2iupm25PlN0xFreAlBA5zaBSv3og0DdeGA4Ar6h6rJ3A0rolRUKJhSF2V10GZKDgWF/VmAEsNWjCRB+A=="
  "resolved" "https://registry.npmjs.org/chai/-/chai-4.3.7.tgz"
  "version" "4.3.7"
  dependencies:
    "assertion-error" "^1.1.0"
    "check-error" "^1.0.2"
    "deep-eql" "^4.1.2"
    "get-func-name" "^2.0.0"
    "loupe" "^2.3.1"
    "pathval" "^1.1.1"
    "type-detect" "^4.0.5"

"check-error@^1.0.2":
  "integrity" "sha512-BrgHpW9NURQgzoNyjfq0Wu6VFO6D7IZEmJNdtgNqpzGG8RuNFHt2jQxWlAs4HMe119chBnv+34syEZtc6IhLtA=="
  "resolved" "https://registry.npmjs.org/check-error/-/check-error-1.0.2.tgz"
  "version" "1.0.2"

"combined-stream@^1.0.8":
  "integrity" "sha512-FQN4MRfuJeHf7cBbBMJFXhKSDq+2kAArBlmRBvcvFE5BB1HZKXtSFASDhdlz9zOYwxh8lDdnvmMOe/+5cdoEdg=="
  "resolved" "https://registry.npmjs.org/combined-stream/-/combined-stream-1.0.8.tgz"
  "version" "1.0.8"
  dependencies:
    "delayed-stream" "~1.0.0"

"concordance@^5.0.4":
  "integrity" "sha512-OAcsnTEYu1ARJqWVGwf4zh4JDfHZEaSNlNccFmt8YjB2l/n19/PF2viLINHc57vO4FKIAFl2FWASIGZZWZ2Kxw=="
  "resolved" "https://registry.npmjs.org/concordance/-/concordance-5.0.4.tgz"
  "version" "5.0.4"
  dependencies:
    "date-time" "^3.1.0"
    "esutils" "^2.0.3"
    "fast-diff" "^1.2.0"
    "js-string-escape" "^1.0.1"
    "lodash" "^4.17.15"
    "md5-hex" "^3.0.1"
    "semver" "^7.3.2"
    "well-known-symbols" "^2.0.0"

"date-time@^3.1.0":
  "integrity" "sha512-uqCUKXE5q1PNBXjPqvwhwJf9SwMoAHBgWJ6DcrnS5o+W2JOiIILl0JEdVD8SGujrNS02GGxgwAg2PN2zONgtjg=="
  "resolved" "https://registry.npmjs.org/date-time/-/date-time-3.1.0.tgz"
  "version" "3.1.0"
  dependencies:
    "time-zone" "^1.0.0"

"debug@^4.3.4", "debug@4":
  "integrity" "sha512-PRWFHuSU3eDtQJPvnNY7Jcket1j0t5OuOsFzPPzsekD52Zl8qUfFIPEiswXqIvHWGVHOgX+7G/vCNNhehwxfkQ=="
  "resolved" "https://registry.npmjs.org/debug/-/debug-4.3.4.tgz"
  "version" "4.3.4"
  dependencies:
    "ms" "2.1.2"

"deep-eql@^4.1.2":
  "integrity" "sha512-WaEtAOpRA1MQ0eohqZjpGD8zdI0Ovsm8mmFhaDN8dvDZzyoUMcYDnf5Y6iu7HTXxf8JDS23qWa4a+hKCDyOPzw=="
  "resolved" "https://registry.npmjs.org/deep-eql/-/deep-eql-4.1.3.tgz"
  "version" "4.1.3"
  dependencies:
    "type-detect" "^4.0.0"

"delayed-stream@~1.0.0":
  "integrity" "sha512-ZySD7Nf91aLB0RxL4KGrKHBXl7Eds1DAmEdcoVawXnLD7SDhpNgtuII2aAkg7a7QS41jxPSZ17p4VdGnMHk3MQ=="
  "resolved" "https://registry.npmjs.org/delayed-stream/-/delayed-stream-1.0.0.tgz"
  "version" "1.0.0"

"deprecation@^2.0.0", "deprecation@^2.3.1":
  "integrity" "sha512-xmHIy4F3scKVwMsQ4WnVaS8bHOx0DmVwRywosKhaILI0ywMDWPtBSku2HNxRvF7jtwDRsoEwYQSfbxj8b7RlJQ=="
  "resolved" "https://registry.npmjs.org/deprecation/-/deprecation-2.3.1.tgz"
  "version" "2.3.1"

"diff-sequences@^29.4.3":
  "integrity" "sha512-ofrBgwpPhCD85kMKtE9RYFFq6OC1A89oW2vvgWZNCwxrUpRUILopY7lsYyMDSjc8g6U6aiO0Qubg6r4Wgt5ZnA=="
  "resolved" "https://registry.npmjs.org/diff-sequences/-/diff-sequences-29.4.3.tgz"
  "version" "29.4.3"

"esbuild@^0.17.5":
  "integrity" "sha512-XQ0jAPFkK/u3LcVRcvVHQcTIqD6E2H1fvZMA5dQPSOWb3suUbWbfbRf94pjc0bNzRYLfIrDRQXr7X+LHIm5oHw=="
  "resolved" "https://registry.npmjs.org/esbuild/-/esbuild-0.17.19.tgz"
  "version" "0.17.19"
  optionalDependencies:
    "@esbuild/android-arm" "0.17.19"
    "@esbuild/android-arm64" "0.17.19"
    "@esbuild/android-x64" "0.17.19"
    "@esbuild/darwin-arm64" "0.17.19"
    "@esbuild/darwin-x64" "0.17.19"
    "@esbuild/freebsd-arm64" "0.17.19"
    "@esbuild/freebsd-x64" "0.17.19"
    "@esbuild/linux-arm" "0.17.19"
    "@esbuild/linux-arm64" "0.17.19"
    "@esbuild/linux-ia32" "0.17.19"
    "@esbuild/linux-loong64" "0.17.19"
    "@esbuild/linux-mips64el" "0.17.19"
    "@esbuild/linux-ppc64" "0.17.19"
    "@esbuild/linux-riscv64" "0.17.19"
    "@esbuild/linux-s390x" "0.17.19"
    "@esbuild/linux-x64" "0.17.19"
    "@esbuild/netbsd-x64" "0.17.19"
    "@esbuild/openbsd-x64" "0.17.19"
    "@esbuild/sunos-x64" "0.17.19"
    "@esbuild/win32-arm64" "0.17.19"
    "@esbuild/win32-ia32" "0.17.19"
    "@esbuild/win32-x64" "0.17.19"

"esutils@^2.0.3":
  "integrity" "sha512-kVscqXk4OCp68SZ0dkgEKVi6/8ij300KBWTJq32P/dYeWTSwK41WyTxalN1eRmA5Z9UU/LX9D7FWSmV9SAYx6g=="
  "resolved" "https://registry.npmjs.org/esutils/-/esutils-2.0.3.tgz"
  "version" "2.0.3"

"fast-diff@^1.2.0":
  "integrity" "sha512-VxPP4NqbUjj6MaAOafWeUn2cXWLcCtljklUtZf0Ind4XQ+QPtmA0b18zZy0jIQx+ExRVCR/ZQpBmik5lXshNsw=="
  "resolved" "https://registry.npmjs.org/fast-diff/-/fast-diff-1.3.0.tgz"
  "version" "1.3.0"

"follow-redirects@^1.15.0":
  "integrity" "sha512-yLAMQs+k0b2m7cVxpS1VKJVvoz7SS9Td1zss3XRwXj+ZDH00RJgnuLx7E44wx02kQLrdM3aOOy+FpzS7+8OizA=="
  "resolved" "https://registry.npmjs.org/follow-redirects/-/follow-redirects-1.15.1.tgz"
  "version" "1.15.1"

"form-data@^4.0.0":
  "integrity" "sha512-ETEklSGi5t0QMZuiXoA/Q6vcnxcLQP5vdugSpuAyi6SVGi2clPPp+xgEhuMaHC+zGgn31Kd235W35f7Hykkaww=="
  "resolved" "https://registry.npmjs.org/form-data/-/form-data-4.0.0.tgz"
  "version" "4.0.0"
  dependencies:
    "asynckit" "^0.4.0"
    "combined-stream" "^1.0.8"
    "mime-types" "^2.1.12"

"fsevents@~2.3.2":
  "integrity" "sha512-xiqMQR4xAeHTuB9uWm+fFRcIOgKBMiOBP+eXiyT7jsgVCq1bkVygt00oASowB7EdtpOHaaPgKt812P9ab+DDKA=="
  "resolved" "https://registry.npmjs.org/fsevents/-/fsevents-2.3.2.tgz"
  "version" "2.3.2"

"get-func-name@^2.0.0":
  "integrity" "sha512-Hm0ixYtaSZ/V7C8FJrtZIuBBI+iSgL+1Aq82zSu8VQNB4S3Gk8e7Qs3VwBDJAhmRZcFqkl3tQu36g/Foh5I5ig=="
  "resolved" "https://registry.npmjs.org/get-func-name/-/get-func-name-2.0.0.tgz"
  "version" "2.0.0"

"https-proxy-agent@^7.0.0":
  "integrity" "sha512-0euwPCRyAPSgGdzD1IVN9nJYHtBhJwb6XPfbpQcYbPCwrBidX6GzxmchnaF4sfF/jPb74Ojx5g4yTg3sixlyPw=="
  "resolved" "https://registry.npmjs.org/https-proxy-agent/-/https-proxy-agent-7.0.0.tgz"
  "version" "7.0.0"
  dependencies:
    "agent-base" "^7.0.2"
    "debug" "4"

"is-plain-object@^5.0.0":
  "integrity" "sha512-VRSzKkbMm5jMDoKLbltAkFQ5Qr7VDiTFGXxYFXXowVj387GeGNOCsOH6Msy00SGZ3Fp84b1Naa1psqgcCIEP5Q=="
  "resolved" "https://registry.npmjs.org/is-plain-object/-/is-plain-object-5.0.0.tgz"
  "version" "5.0.0"

"js-string-escape@^1.0.1":
  "integrity" "sha512-Smw4xcfIQ5LVjAOuJCvN/zIodzA/BBSsluuoSykP+lUvScIi4U6RJLfwHet5cxFnCswUjISV8oAXaqaJDY3chg=="
  "resolved" "https://registry.npmjs.org/js-string-escape/-/js-string-escape-1.0.1.tgz"
  "version" "1.0.1"

"jsonc-parser@^3.2.0":
  "integrity" "sha512-gfFQZrcTc8CnKXp6Y4/CBT3fTc0OVuDofpre4aEeEpSBPV5X5v4+Vmx+8snU7RLPrNHPKSgLxGo9YuQzz20o+w=="
  "resolved" "https://registry.npmjs.org/jsonc-parser/-/jsonc-parser-3.2.0.tgz"
  "version" "3.2.0"

"local-pkg@^0.4.3":
  "integrity" "sha512-SFppqq5p42fe2qcZQqqEOiVRXl+WCP1MdT6k7BDEW1j++sp5fIY+/fdRQitvKgB5BrBcmrs5m/L0v2FrU5MY1g=="
  "resolved" "https://registry.npmjs.org/local-pkg/-/local-pkg-0.4.3.tgz"
  "version" "0.4.3"

"lodash@^4.17.15":
  "integrity" "sha512-v2kDEe57lecTulaDIuNTPy3Ry4gLGJ6Z1O3vE1krgXZNrsQ+LFTGHVxVjcXPs17LhbZVGedAJv8XZ1tvj5FvSg=="
  "resolved" "https://registry.npmjs.org/lodash/-/lodash-4.17.21.tgz"
  "version" "4.17.21"

"loupe@^2.3.1", "loupe@^2.3.6":
  "integrity" "sha512-RaPMZKiMy8/JruncMU5Bt6na1eftNoo++R4Y+N2FrxkDVTrGvcyzFTsaGif4QTeKESheMGegbhw6iUAq+5A8zA=="
  "resolved" "https://registry.npmjs.org/loupe/-/loupe-2.3.6.tgz"
  "version" "2.3.6"
  dependencies:
    "get-func-name" "^2.0.0"

"lru-cache@^6.0.0":
  "integrity" "sha512-Jo6dJ04CmSjuznwJSS3pUeWmd/H0ffTlkXXgwZi+eq1UCmqQwCh+eLsYOYCwY991i2Fah4h1BEMCx4qThGbsiA=="
  "resolved" "https://registry.npmjs.org/lru-cache/-/lru-cache-6.0.0.tgz"
  "version" "6.0.0"
  dependencies:
    "yallist" "^4.0.0"

"magic-string@^0.30.0":
  "integrity" "sha512-LA+31JYDJLs82r2ScLrlz1GjSgu66ZV518eyWT+S8VhyQn/JL0u9MeBOvQMGYiPk1DBiSN9DDMOcXvigJZaViQ=="
  "resolved" "https://registry.npmjs.org/magic-string/-/magic-string-0.30.0.tgz"
  "version" "0.30.0"
  dependencies:
    "@jridgewell/sourcemap-codec" "^1.4.13"

"md5-hex@^3.0.1":
  "integrity" "sha512-BUiRtTtV39LIJwinWBjqVsU9xhdnz7/i889V859IBFpuqGAj6LuOvHv5XLbgZ2R7ptJoJaEcxkv88/h25T7Ciw=="
  "resolved" "https://registry.npmjs.org/md5-hex/-/md5-hex-3.0.1.tgz"
  "version" "3.0.1"
  dependencies:
    "blueimp-md5" "^2.10.0"

"mime-db@1.52.0":
  "integrity" "sha512-sPU4uV7dYlvtWJxwwxHD0PuihVNiE7TyAbQ5SWxDCB9mUYvOgroQOwYQQOKPJ8CIbE+1ETVlOoK1UC2nU3gYvg=="
  "resolved" "https://registry.npmjs.org/mime-db/-/mime-db-1.52.0.tgz"
  "version" "1.52.0"

"mime-types@^2.1.12":
  "integrity" "sha512-ZDY+bPm5zTTF+YpCrAU9nK0UgICYPT0QtT1NZWFv4s++TNkcgVaT0g6+4R2uI4MjQjzysHB1zxuWL50hzaeXiw=="
  "resolved" "https://registry.npmjs.org/mime-types/-/mime-types-2.1.35.tgz"
  "version" "2.1.35"
  dependencies:
    "mime-db" "1.52.0"

"mlly@^1.2.0":
  "integrity" "sha512-ua8PAThnTwpprIaU47EPeZ/bPUVp2QYBbWMphUQpVdBI3Lgqzm5KZQ45Agm3YJedHXaIHl6pBGabaLSUPPSptg=="
  "resolved" "https://registry.npmjs.org/mlly/-/mlly-1.4.0.tgz"
  "version" "1.4.0"
  dependencies:
    "acorn" "^8.9.0"
    "pathe" "^1.1.1"
    "pkg-types" "^1.0.3"
    "ufo" "^1.1.2"

"ms@2.1.2":
  "integrity" "sha512-sGkPx+VjMtmA6MX27oA4FBFELFCZZ4S4XqeGOXCv68tT+jb3vk/RyaKWP0PTKyWtmLSM0b+adUTEvbs1PEaH2w=="
  "resolved" "https://registry.npmjs.org/ms/-/ms-2.1.2.tgz"
  "version" "2.1.2"

"nanoid@^3.3.6":
  "integrity" "sha512-BGcqMMJuToF7i1rt+2PWSNVnWIkGCU78jBG3RxO/bZlnZPK2Cmi2QaffxGO/2RvWi9sL+FAiRiXMgsyxQ1DIDA=="
  "resolved" "https://registry.npmjs.org/nanoid/-/nanoid-3.3.6.tgz"
  "version" "3.3.6"

"node-fetch@^2.6.7":
  "integrity" "sha512-ZjMPFEfVx5j+y2yF35Kzx5sF7kDzxuDj6ziH4FFbOp87zKDZNx8yExJIb05OGF4Nlt9IHFIMBkRl41VdvcNdbQ=="
  "resolved" "https://registry.npmjs.org/node-fetch/-/node-fetch-2.6.7.tgz"
  "version" "2.6.7"
  dependencies:
    "whatwg-url" "^5.0.0"

"once@^1.4.0":
  "integrity" "sha1-WDsap3WWHUsROsF9nFC6753Xa9E="
  "resolved" "https://registry.npmjs.org/once/-/once-1.4.0.tgz"
  "version" "1.4.0"
  dependencies:
    "wrappy" "1"

"p-limit@^4.0.0":
  "integrity" "sha512-5b0R4txpzjPWVw/cXXUResoD4hb6U/x9BH08L7nw+GN1sezDzPdxeRvpc9c433fZhBan/wusjbCsqwqm4EIBIQ=="
  "resolved" "https://registry.npmjs.org/p-limit/-/p-limit-4.0.0.tgz"
  "version" "4.0.0"
  dependencies:
    "yocto-queue" "^1.0.0"

"pathe@^1.1.0", "pathe@^1.1.1":
  "integrity" "sha512-d+RQGp0MAYTIaDBIMmOfMwz3E+LOZnxx1HZd5R18mmCZY0QBlK0LDZfPc8FW8Ed2DlvsuE6PRjroDY+wg4+j/Q=="
  "resolved" "https://registry.npmjs.org/pathe/-/pathe-1.1.1.tgz"
  "version" "1.1.1"

"pathval@^1.1.1":
  "integrity" "sha512-Dp6zGqpTdETdR63lehJYPeIOqpiNBNtc7BpWSLrOje7UaIsE5aY92r/AunQA7rsXvet3lrJ3JnZX29UPTKXyKQ=="
  "resolved" "https://registry.npmjs.org/pathval/-/pathval-1.1.1.tgz"
  "version" "1.1.1"

"picocolors@^1.0.0":
  "integrity" "sha512-1fygroTLlHu66zi26VoTDv8yRgm0Fccecssto+MhsZ0D/DGW2sm8E8AjW7NU5VVTRt5GxbeZ5qBuJr+HyLYkjQ=="
  "resolved" "https://registry.npmjs.org/picocolors/-/picocolors-1.0.0.tgz"
  "version" "1.0.0"

"pkg-types@^1.0.3":
  "integrity" "sha512-nN7pYi0AQqJnoLPC9eHFQ8AcyaixBUOwvqc5TDnIKCMEE6I0y8P7OKA7fPexsXGCGxQDl/cmrLAp26LhcwxZ4A=="
  "resolved" "https://registry.npmjs.org/pkg-types/-/pkg-types-1.0.3.tgz"
  "version" "1.0.3"
  dependencies:
    "jsonc-parser" "^3.2.0"
    "mlly" "^1.2.0"
    "pathe" "^1.1.0"

"postcss@^8.4.23":
  "integrity" "sha512-M0RzbcI0sO/XJNucsGjvWU9ERWxb/ytp1w6dKtxTKgixdtQDq4rmx/g8W1hnaheq9jgwL/oyEdH5Bc4WwJKMqg=="
  "resolved" "https://registry.npmjs.org/postcss/-/postcss-8.4.24.tgz"
  "version" "8.4.24"
  dependencies:
    "nanoid" "^3.3.6"
    "picocolors" "^1.0.0"
    "source-map-js" "^1.0.2"

"prettier@2.8.8":
  "integrity" "sha512-tdN8qQGvNjw4CHbY+XXk0JgCXn9QiF21a55rBe5LJAU+kDyC4WQn4+awm2Xfk2lQMk5fKup9XgzTZtGkjBdP9Q=="
  "resolved" "https://registry.npmjs.org/prettier/-/prettier-2.8.8.tgz"
  "version" "2.8.8"

"pretty-format@^27.5.1":
  "integrity" "sha512-Qb1gy5OrP5+zDf2Bvnzdl3jsTf1qXVMazbvCoKhtKqVs4/YK4ozX4gKQJJVyNe+cajNPn0KoC0MC3FUmaHWEmQ=="
  "resolved" "https://registry.npmjs.org/pretty-format/-/pretty-format-27.5.1.tgz"
  "version" "27.5.1"
  dependencies:
    "ansi-regex" "^5.0.1"
    "ansi-styles" "^5.0.0"
    "react-is" "^17.0.1"

"proxy-from-env@^1.1.0":
  "integrity" "sha512-D+zkORCbA9f1tdWRK0RaCR3GPv50cMxcrz4X8k5LTSUD1Dkw47mKJEZQNunItRTkWwgtaUSo1RVFRIG9ZXiFYg=="
  "resolved" "https://registry.npmjs.org/proxy-from-env/-/proxy-from-env-1.1.0.tgz"
  "version" "1.1.0"

"react-is@^17.0.1":
  "integrity" "sha512-w2GsyukL62IJnlaff/nRegPQR94C/XXamvMWmSHRJ4y7Ts/4ocGRmTHvOs8PSE6pB3dWOrD/nueuU5sduBsQ4w=="
  "resolved" "https://registry.npmjs.org/react-is/-/react-is-17.0.2.tgz"
  "version" "17.0.2"

"rollup@^3.21.0":
  "integrity" "sha512-YzJH0eunH2hr3knvF3i6IkLO/jTjAEwU4HoMUbQl4//Tnl3ou0e7P5SjxdDr8HQJdeUJShlbEHXrrnEHy1l7Yg=="
  "resolved" "https://registry.npmjs.org/rollup/-/rollup-3.26.0.tgz"
  "version" "3.26.0"
  optionalDependencies:
    "fsevents" "~2.3.2"

"semver@^7.3.2":
  "integrity" "sha512-QBlUtyVk/5EeHbi7X0fw6liDZc7BBmEaSYn01fMU1OUYbf6GPsbTtd8WmnqbI20SeycoHSeiybkE/q1Q+qlThQ=="
  "resolved" "https://registry.npmjs.org/semver/-/semver-7.5.3.tgz"
  "version" "7.5.3"
  dependencies:
    "lru-cache" "^6.0.0"

"siginfo@^2.0.0":
  "integrity" "sha512-ybx0WO1/8bSBLEWXZvEd7gMW3Sn3JFlW3TvX1nREbDLRNQNaeNN8WK0meBwPdAaOI7TtRRRJn/Es1zhrrCHu7g=="
  "resolved" "https://registry.npmjs.org/siginfo/-/siginfo-2.0.0.tgz"
  "version" "2.0.0"

"source-map-js@^1.0.2":
  "integrity" "sha512-R0XvVJ9WusLiqTCEiGCmICCMplcCkIwwR11mOSD9CR5u+IXYdiseeEuXCVAjS54zqwkLcPNnmU4OeJ6tUrWhDw=="
  "resolved" "https://registry.npmjs.org/source-map-js/-/source-map-js-1.0.2.tgz"
  "version" "1.0.2"

"stackback@0.0.2":
  "integrity" "sha512-1XMJE5fQo1jGH6Y/7ebnwPOBEkIEnT4QF32d5R1+VXdXveM0IBMJt8zfaxX1P3QhVwrYe+576+jkANtSS2mBbw=="
  "resolved" "https://registry.npmjs.org/stackback/-/stackback-0.0.2.tgz"
  "version" "0.0.2"

"std-env@^3.3.2":
  "integrity" "sha512-uUZI65yrV2Qva5gqE0+A7uVAvO40iPo6jGhs7s8keRfHCmtg+uB2X6EiLGCI9IgL1J17xGhvoOqSz79lzICPTA=="
  "resolved" "https://registry.npmjs.org/std-env/-/std-env-3.3.2.tgz"
  "version" "3.3.2"

"strip-literal@^1.0.1":
  "integrity" "sha512-QZTsipNpa2Ppr6v1AmJHESqJ3Uz247MUS0OjrnnZjFAvEoWqxuyFuXn2xLgMtRnijJShAa1HL0gtJyUs7u7n3Q=="
  "resolved" "https://registry.npmjs.org/strip-literal/-/strip-literal-1.0.1.tgz"
  "version" "1.0.1"
  dependencies:
    "acorn" "^8.8.2"

"time-zone@^1.0.0":
  "integrity" "sha512-TIsDdtKo6+XrPtiTm1ssmMngN1sAhyKnTO2kunQWqNPWIVvCm15Wmw4SWInwTVgJ5u/Tr04+8Ei9TNcw4x4ONA=="
  "resolved" "https://registry.npmjs.org/time-zone/-/time-zone-1.0.0.tgz"
  "version" "1.0.0"

"tinybench@^2.5.0":
  "integrity" "sha512-kRwSG8Zx4tjF9ZiyH4bhaebu+EDz1BOx9hOigYHlUW4xxI/wKIUQUqo018UlU4ar6ATPBsaMrdbKZ+tmPdohFA=="
  "resolved" "https://registry.npmjs.org/tinybench/-/tinybench-2.5.0.tgz"
  "version" "2.5.0"

"tinypool@^0.5.0":
  "integrity" "sha512-paHQtnrlS1QZYKF/GnLoOM/DN9fqaGOFbCbxzAhwniySnzl9Ebk8w73/dd34DAhe/obUbPAOldTyYXQZxnPBPQ=="
  "resolved" "https://registry.npmjs.org/tinypool/-/tinypool-0.5.0.tgz"
  "version" "0.5.0"

"tinyspy@^2.1.0":
  "integrity" "sha512-XPJL2uSzcOyBMky6OFrusqWlzfFrXtE0hPuMgW8A2HmaqrPo4ZQHRN/V0QXN3FSjKxpsbRrFc5LI7KOwBsT1/w=="
  "resolved" "https://registry.npmjs.org/tinyspy/-/tinyspy-2.1.1.tgz"
  "version" "2.1.1"

"tr46@~0.0.3":
  "integrity" "sha1-gYT9NH2snNwYWZLzpmIuFLnZq2o="
  "resolved" "https://registry.npmjs.org/tr46/-/tr46-0.0.3.tgz"
  "version" "0.0.3"

"tunnel@^0.0.6":
  "integrity" "sha512-1h/Lnq9yajKY2PEbBadPXj3VxsDDu844OnaAo52UVmIzIvwwtBPIuNvkjuzBlTWpfJyUbG3ez0KSBibQkj4ojg=="
  "resolved" "https://registry.npmjs.org/tunnel/-/tunnel-0.0.6.tgz"
  "version" "0.0.6"

"type-detect@^4.0.0", "type-detect@^4.0.5":
  "integrity" "sha512-0fr/mIH1dlO+x7TlcMy+bIDqKPsw/70tVyeHW787goQjhmqaZe10uwLujubK9q9Lg6Fiho1KUKDYz0Z7k7g5/g=="
  "resolved" "https://registry.npmjs.org/type-detect/-/type-detect-4.0.8.tgz"
  "version" "4.0.8"

"typescript@5.1.6":
  "integrity" "sha512-zaWCozRZ6DLEWAWFrVDz1H6FVXzUSfTy5FUMWsQlU8Ym5JP9eO4xkTIROFCQvhQf61z6O/G6ugw3SgAnvvm+HA=="
  "resolved" "https://registry.npmjs.org/typescript/-/typescript-5.1.6.tgz"
  "version" "5.1.6"

"ufo@^1.1.2":
  "integrity" "sha512-TrY6DsjTQQgyS3E3dBaOXf0TpPD8u9FVrVYmKVegJuFw51n/YB9XPt+U6ydzFG5ZIN7+DIjPbNmXoBj9esYhgQ=="
  "resolved" "https://registry.npmjs.org/ufo/-/ufo-1.1.2.tgz"
  "version" "1.1.2"

"universal-user-agent@^6.0.0":
  "integrity" "sha512-isyNax3wXoKaulPDZWHQqbmIx1k2tb9fb3GGDBRxCscfYV2Ch7WxPArBsFEG8s/safwXTT7H4QGhaIkTp9447w=="
  "resolved" "https://registry.npmjs.org/universal-user-agent/-/universal-user-agent-6.0.0.tgz"
  "version" "6.0.0"

"uuid@^8.3.2":
  "integrity" "sha512-+NYs2QeMWy+GWFOEm9xnn6HCDp0l7QBD7ml8zLUmJ+93Q5NF0NocErnwkTkXVFNiX3/fpC6afS8Dhb/gz7R7eg=="
  "resolved" "https://registry.npmjs.org/uuid/-/uuid-8.3.2.tgz"
  "version" "8.3.2"

"vite-node@0.32.2":
  "integrity" "sha512-dTQ1DCLwl2aEseov7cfQ+kDMNJpM1ebpyMMMwWzBvLbis8Nla/6c9WQcqpPssTwS6Rp/+U6KwlIj8Eapw4bLdA=="
  "resolved" "https://registry.npmjs.org/vite-node/-/vite-node-0.32.2.tgz"
  "version" "0.32.2"
  dependencies:
    "cac" "^6.7.14"
    "debug" "^4.3.4"
    "mlly" "^1.2.0"
    "pathe" "^1.1.0"
    "picocolors" "^1.0.0"
    "vite" "^3.0.0 || ^4.0.0"

"vite@^3.0.0 || ^4.0.0":
  "integrity" "sha512-qsTNZjO9NoJNW7KnOrgYwczm0WctJ8m/yqYAMAK9Lxt4SoySUfS5S8ia9K7JHpa3KEeMfyF8LoJ3c5NeBJy6pg=="
  "resolved" "https://registry.npmjs.org/vite/-/vite-4.3.9.tgz"
  "version" "4.3.9"
  dependencies:
    "esbuild" "^0.17.5"
    "postcss" "^8.4.23"
    "rollup" "^3.21.0"
  optionalDependencies:
    "fsevents" "~2.3.2"

"vitest@0.32.2":
  "integrity" "sha512-hU8GNNuQfwuQmqTLfiKcqEhZY72Zxb7nnN07koCUNmntNxbKQnVbeIS6sqUgR3eXSlbOpit8+/gr1KpqoMgWCQ=="
  "resolved" "https://registry.npmjs.org/vitest/-/vitest-0.32.2.tgz"
  "version" "0.32.2"
  dependencies:
    "@types/chai" "^4.3.5"
    "@types/chai-subset" "^1.3.3"
    "@types/node" "*"
    "@vitest/expect" "0.32.2"
    "@vitest/runner" "0.32.2"
    "@vitest/snapshot" "0.32.2"
    "@vitest/spy" "0.32.2"
    "@vitest/utils" "0.32.2"
    "acorn" "^8.8.2"
    "acorn-walk" "^8.2.0"
    "cac" "^6.7.14"
    "chai" "^4.3.7"
    "concordance" "^5.0.4"
    "debug" "^4.3.4"
    "local-pkg" "^0.4.3"
    "magic-string" "^0.30.0"
    "pathe" "^1.1.0"
    "picocolors" "^1.0.0"
    "std-env" "^3.3.2"
    "strip-literal" "^1.0.1"
    "tinybench" "^2.5.0"
    "tinypool" "^0.5.0"
    "vite" "^3.0.0 || ^4.0.0"
    "vite-node" "0.32.2"
    "why-is-node-running" "^2.2.2"

"webidl-conversions@^3.0.0":
  "integrity" "sha1-JFNCdeKnvGvnvIZhHMFq4KVlSHE="
  "resolved" "https://registry.npmjs.org/webidl-conversions/-/webidl-conversions-3.0.1.tgz"
  "version" "3.0.1"

"well-known-symbols@^2.0.0":
  "integrity" "sha512-ZMjC3ho+KXo0BfJb7JgtQ5IBuvnShdlACNkKkdsqBmYw3bPAaJfPeYUo6tLUaT5tG/Gkh7xkpBhKRQ9e7pyg9Q=="
  "resolved" "https://registry.npmjs.org/well-known-symbols/-/well-known-symbols-2.0.0.tgz"
  "version" "2.0.0"

"whatwg-url@^5.0.0":
  "integrity" "sha1-lmRU6HZUYuN2RNNib2dCzotwll0="
  "resolved" "https://registry.npmjs.org/whatwg-url/-/whatwg-url-5.0.0.tgz"
  "version" "5.0.0"
  dependencies:
    "tr46" "~0.0.3"
    "webidl-conversions" "^3.0.0"

"why-is-node-running@^2.2.2":
  "integrity" "sha512-6tSwToZxTOcotxHeA+qGCq1mVzKR3CwcJGmVcY+QE8SHy6TnpFnh8PAvPNHYr7EcuVeG0QSMxtYCuO1ta/G/oA=="
  "resolved" "https://registry.npmjs.org/why-is-node-running/-/why-is-node-running-2.2.2.tgz"
  "version" "2.2.2"
  dependencies:
    "siginfo" "^2.0.0"
    "stackback" "0.0.2"

"wrappy@1":
  "integrity" "sha1-tSQ9jz7BqjXxNkYFvA0QNuMKtp8="
  "resolved" "https://registry.npmjs.org/wrappy/-/wrappy-1.0.2.tgz"
  "version" "1.0.2"

"yallist@^4.0.0":
  "integrity" "sha512-3wdGidZyq5PB084XLES5TpOSRA3wjXAlIWMhum2kRcv/41Sn2emQ0dycQW4uZXLejwKvg6EsvbdlVL+FYEct7A=="
  "resolved" "https://registry.npmjs.org/yallist/-/yallist-4.0.0.tgz"
  "version" "4.0.0"

"yocto-queue@^1.0.0":
  "integrity" "sha512-9bnSc/HEW2uRy67wc+T8UwauLuPJVn28jb+GtJY16iiKWyvmYJRXVT4UamsAEGQfPohgr2q4Tq0sQbQlxTfi1g=="
  "resolved" "https://registry.npmjs.org/yocto-queue/-/yocto-queue-1.0.0.tgz"
  "version" "1.0.0"
